# This file is autogenerated, do not edit; changes may be undone by the next 'dep ensure'.


[[projects]]
  branch = "master"
  digest = "1:6d9b321507660027e14d1780f77846124e7e82a2b33795250b231b27d7c96cc6"
  name = "github.com/botless/events"
  packages = ["pkg/events"]
  pruneopts = "UT"
  revision = "230912b44a3d5e6f4a15aab41e39a10238845baf"

[[projects]]
  digest = "1:3f4e0df26a31e7b21aa85f4657725a6e749f42d455c94049d1bb42b614f8816f"
  name = "github.com/cloudevents/sdk-go"
  packages = [
    "pkg/cloudevents",
    "pkg/cloudevents/client",
    "pkg/cloudevents/client/http",
    "pkg/cloudevents/codec",
    "pkg/cloudevents/context",
    "pkg/cloudevents/datacodec",
    "pkg/cloudevents/datacodec/json",
    "pkg/cloudevents/datacodec/xml",
    "pkg/cloudevents/transport",
    "pkg/cloudevents/transport/http",
    "pkg/cloudevents/types",
  ]
  pruneopts = "UT"
  revision = "965e37cc1790bf9c4920b429c8005e78c722c33c"
  version = "0.3.0"

[[projects]]
  digest = "1:582b704bebaa06b48c29b0cec224a6058a09c86883aaddabde889cd1a5f73e1b"
  name = "github.com/google/uuid"
  packages = ["."]
  pruneopts = "UT"
  revision = "0cd6bf5da1e1c83f8b45653022c74f71af0538a4"
  version = "v1.1.1"

[[projects]]
  digest = "1:edbef42561faa44c19129b68d1e109fbc1647f63239250391eadc8d0e7c9f669"
  name = "github.com/kelseyhightower/envconfig"
  packages = ["."]
  pruneopts = "UT"
  revision = "f611eb38b3875cc3bd991ca91c51d06446afa14c"
  version = "v1.3.0"

[solve-meta]
  analyzer-name = "dep"
  analyzer-version = 1
  input-imports = [
    "github.com/botless/events/pkg/events",
    "github.com/cloudevents/sdk-go/pkg/cloudevents",
    "github.com/cloudevents/sdk-go/pkg/cloudevents/client",
    "github.com/cloudevents/sdk-go/pkg/cloudevents/client/http",
    "github.com/cloudevents/sdk-go/pkg/cloudevents/transport/http",
    "github.com/cloudevents/sdk-go/pkg/cloudevents/types",
    "github.com/kelseyhightower/envconfig",
  ]
  solver-name = "gps-cdcl"
  solver-version = 1
